
Microsoft Visual Studio Solution File, Format Version 12.00
# Visual Studio 15
Project("{FAE04EC0-301F-11D3-BF4B-00C04F79EFBC}") = "loopsPracitice2", "loopsPracitice2\loopsPracitice2.csproj", "{B768E8ED-6A55-4FD4-A863-5DB90A3FF9BC}"
EndProject
Global
	GlobalSection(SolutionConfigurationPlatforms) = preSolution
		Debug|Any CPU = Debug|Any CPU
		Release|Any CPU = Release|Any CPU
	EndGlobalSection
	GlobalSection(ProjectConfigurationPlatforms) = postSolution
		{B768E8ED-6A55-4FD4-A863-5DB90A3FF9BC}.Debug|Any CPU.ActiveCfg = Debug|Any CPU
		{B768E8ED-6A55-4FD4-A863-5DB90A3FF9BC}.Debug|Any CPU.Build.0 = Debug|Any CPU
		{B768E8ED-6A55-4FD4-A863-5DB90A3FF9BC}.Release|Any CPU.ActiveCfg = Release|Any CPU
		{B768E8ED-6A55-4FD4-A863-5DB90A3FF9BC}.Release|Any CPU.Build.0 = Release|Any CPU
	EndGlobalSection
EndGlobal
